
Microsoft Visual Studio Solution File, Format Version 12.00
# Visual Studio Version 17
VisualStudioVersion = 17.7.34221.43
MinimumVisualStudioVersion = 10.0.40219.1
Project("{FAE04EC0-301F-11D3-BF4B-00C04F79EFBC}") = "Wumble", "Wumble\Wumble.csproj", "{B079B343-DDB1-4434-BAEE-B401D84E2BC7}"
EndProject
Global
	GlobalSection(SolutionConfigurationPlatforms) = preSolution
		Debug|Any CPU = Debug|Any CPU
		Release|Any CPU = Release|Any CPU
	EndGlobalSection
	GlobalSection(ProjectConfigurationPlatforms) = postSolution
		{B079B343-DDB1-4434-BAEE-B401D84E2BC7}.Debug|Any CPU.ActiveCfg = Debug|Any CPU
		{B079B343-DDB1-4434-BAEE-B401D84E2BC7}.Debug|Any CPU.Build.0 = Debug|Any CPU
		{B079B343-DDB1-4434-BAEE-B401D84E2BC7}.Debug|Any CPU.Deploy.0 = Debug|Any CPU
		{B079B343-DDB1-4434-BAEE-B401D84E2BC7}.Release|Any CPU.ActiveCfg = Release|Any CPU
		{B079B343-DDB1-4434-BAEE-B401D84E2BC7}.Release|Any CPU.Build.0 = Release|Any CPU
		{B079B343-DDB1-4434-BAEE-B401D84E2BC7}.Release|Any CPU.Deploy.0 = Release|Any CPU
	EndGlobalSection
	GlobalSection(SolutionProperties) = preSolution
		HideSolutionNode = FALSE
	EndGlobalSection
	GlobalSection(ExtensibilityGlobals) = postSolution
		SolutionGuid = {3E3D94E9-E737-4775-BBD4-5A4465726F53}
	EndGlobalSection
EndGlobal
